
Microsoft Visual Studio Solution File, Format Version 12.00
# Visual Studio 14
VisualStudioVersion = 14.0.25420.1
MinimumVisualStudioVersion = 10.0.40219.1
Project("{FAE04EC0-301F-11D3-BF4B-00C04F79EFBC}") = "EcomFin", "EcomFin\EcomFin.csproj", "{AC754BDC-3894-4124-9B37-73A396B07614}"
EndProject
Project("{2150E333-8FDC-42A3-9474-1A3956D46DE8}") = "Solution Items", "Solution Items", "{7F3F6FB0-87A0-41AB-918C-EE0D4C95BBCB}"
	ProjectSection(SolutionItems) = preProject
		Grant.sql = Grant.sql
	EndProjectSection
EndProject
Global
	GlobalSection(SolutionConfigurationPlatforms) = preSolution
		Debug|Any CPU = Debug|Any CPU
		Release|Any CPU = Release|Any CPU
	EndGlobalSection
	GlobalSection(ProjectConfigurationPlatforms) = postSolution
		{AC754BDC-3894-4124-9B37-73A396B07614}.Debug|Any CPU.ActiveCfg = Debug|Any CPU
		{AC754BDC-3894-4124-9B37-73A396B07614}.Debug|Any CPU.Build.0 = Debug|Any CPU
		{AC754BDC-3894-4124-9B37-73A396B07614}.Release|Any CPU.ActiveCfg = Release|Any CPU
		{AC754BDC-3894-4124-9B37-73A396B07614}.Release|Any CPU.Build.0 = Release|Any CPU
	EndGlobalSection
	GlobalSection(SolutionProperties) = preSolution
		HideSolutionNode = FALSE
	EndGlobalSection
EndGlobal
